
Microsoft Visual Studio Solution File, Format Version 12.00
# Visual Studio 15
VisualStudioVersion = 15.0.28307.168
MinimumVisualStudioVersion = 10.0.40219.1
Project("{9A19103F-16F7-4668-BE54-9A1E7A4F7556}") = "DataAccessLayer", "DataAccessLayer\DataAccessLayer.csproj", "{1291A204-5594-4394-913C-2CA1D098167F}"
EndProject
Project("{9A19103F-16F7-4668-BE54-9A1E7A4F7556}") = "CentiSoftWebApp", "CentiSoftWebApp\CentiSoftWebApp.csproj", "{8FBE993C-0782-419A-9C99-DC409C84658F}"
EndProject
Project("{FAE04EC0-301F-11D3-BF4B-00C04F79EFBC}") = "CentiSoft", "CentiSoft\CentiSoft.csproj", "{854C31D7-A431-43FC-9E5C-F4386015994F}"
EndProject
Project("{FAE04EC0-301F-11D3-BF4B-00C04F79EFBC}") = "CentisoftREST", "..\..\..\..\Desktop\CentiSoft\CentiSoft\CentisoftREST.csproj", "{C07AC25C-0A22-4D0D-90C2-B4592F95DEEE}"
EndProject
Global
	GlobalSection(SolutionConfigurationPlatforms) = preSolution
		Debug|Any CPU = Debug|Any CPU
		Release|Any CPU = Release|Any CPU
	EndGlobalSection
	GlobalSection(ProjectConfigurationPlatforms) = postSolution
		{1291A204-5594-4394-913C-2CA1D098167F}.Debug|Any CPU.ActiveCfg = Debug|Any CPU
		{1291A204-5594-4394-913C-2CA1D098167F}.Debug|Any CPU.Build.0 = Debug|Any CPU
		{1291A204-5594-4394-913C-2CA1D098167F}.Release|Any CPU.ActiveCfg = Release|Any CPU
		{1291A204-5594-4394-913C-2CA1D098167F}.Release|Any CPU.Build.0 = Release|Any CPU
		{8FBE993C-0782-419A-9C99-DC409C84658F}.Debug|Any CPU.ActiveCfg = Debug|Any CPU
		{8FBE993C-0782-419A-9C99-DC409C84658F}.Debug|Any CPU.Build.0 = Debug|Any CPU
		{8FBE993C-0782-419A-9C99-DC409C84658F}.Release|Any CPU.ActiveCfg = Release|Any CPU
		{8FBE993C-0782-419A-9C99-DC409C84658F}.Release|Any CPU.Build.0 = Release|Any CPU
		{854C31D7-A431-43FC-9E5C-F4386015994F}.Debug|Any CPU.ActiveCfg = Debug|Any CPU
		{854C31D7-A431-43FC-9E5C-F4386015994F}.Debug|Any CPU.Build.0 = Debug|Any CPU
		{854C31D7-A431-43FC-9E5C-F4386015994F}.Release|Any CPU.ActiveCfg = Release|Any CPU
		{854C31D7-A431-43FC-9E5C-F4386015994F}.Release|Any CPU.Build.0 = Release|Any CPU
		{C07AC25C-0A22-4D0D-90C2-B4592F95DEEE}.Debug|Any CPU.ActiveCfg = Debug|Any CPU
		{C07AC25C-0A22-4D0D-90C2-B4592F95DEEE}.Debug|Any CPU.Build.0 = Debug|Any CPU
		{C07AC25C-0A22-4D0D-90C2-B4592F95DEEE}.Release|Any CPU.ActiveCfg = Release|Any CPU
		{C07AC25C-0A22-4D0D-90C2-B4592F95DEEE}.Release|Any CPU.Build.0 = Release|Any CPU
	EndGlobalSection
	GlobalSection(SolutionProperties) = preSolution
		HideSolutionNode = FALSE
	EndGlobalSection
	GlobalSection(ExtensibilityGlobals) = postSolution
		SolutionGuid = {05802659-1900-4883-9300-A12081C747FA}
	EndGlobalSection
EndGlobal
